
Microsoft Visual Studio Solution File, Format Version 12.00
# Visual Studio Version 17
VisualStudioVersion = 17.14.37411.7 d17.14
MinimumVisualStudioVersion = 10.0.40219.1
Project("{FAE04EC0-301F-11D3-BF4B-00C04F79EFBC}") = "Day06", "Day06\Day06.csproj", "{E394BB61-BD54-42C5-B100-CB9F1E20D64E}"
EndProject
Global
	GlobalSection(SolutionConfigurationPlatforms) = preSolution
		Debug|Any CPU = Debug|Any CPU
		Release|Any CPU = Release|Any CPU
	EndGlobalSection
	GlobalSection(ProjectConfigurationPlatforms) = postSolution
		{E394BB61-BD54-42C5-B100-CB9F1E20D64E}.Debug|Any CPU.ActiveCfg = Debug|Any CPU
		{E394BB61-BD54-42C5-B100-CB9F1E20D64E}.Debug|Any CPU.Build.0 = Debug|Any CPU
		{E394BB61-BD54-42C5-B100-CB9F1E20D64E}.Release|Any CPU.ActiveCfg = Release|Any CPU
		{E394BB61-BD54-42C5-B100-CB9F1E20D64E}.Release|Any CPU.Build.0 = Release|Any CPU
	EndGlobalSection
	GlobalSection(SolutionProperties) = preSolution
		HideSolutionNode = FALSE
	EndGlobalSection
	GlobalSection(ExtensibilityGlobals) = postSolution
		SolutionGuid = {AD7E215A-06B1-4801-917B-49E33C99DE1B}
	EndGlobalSection
EndGlobal
