
Microsoft Visual Studio Solution File, Format Version 12.00
# Visual Studio Version 17
VisualStudioVersion = 17.14.37411.7 d17.14
MinimumVisualStudioVersion = 10.0.40219.1
Project("{FAE04EC0-301F-11D3-BF4B-00C04F79EFBC}") = "Day02", "Day02\Day02.csproj", "{B2FF59C1-434A-4C50-8415-2B02FA4F8069}"
EndProject
Global
	GlobalSection(SolutionConfigurationPlatforms) = preSolution
		Debug|Any CPU = Debug|Any CPU
		Release|Any CPU = Release|Any CPU
	EndGlobalSection
	GlobalSection(ProjectConfigurationPlatforms) = postSolution
		{B2FF59C1-434A-4C50-8415-2B02FA4F8069}.Debug|Any CPU.ActiveCfg = Debug|Any CPU
		{B2FF59C1-434A-4C50-8415-2B02FA4F8069}.Debug|Any CPU.Build.0 = Debug|Any CPU
		{B2FF59C1-434A-4C50-8415-2B02FA4F8069}.Release|Any CPU.ActiveCfg = Release|Any CPU
		{B2FF59C1-434A-4C50-8415-2B02FA4F8069}.Release|Any CPU.Build.0 = Release|Any CPU
	EndGlobalSection
	GlobalSection(SolutionProperties) = preSolution
		HideSolutionNode = FALSE
	EndGlobalSection
	GlobalSection(ExtensibilityGlobals) = postSolution
		SolutionGuid = {CEEEF227-EA3C-4615-9333-D5141E6B79C4}
	EndGlobalSection
EndGlobal
