
Microsoft Visual Studio Solution File, Format Version 12.00
# Visual Studio Version 17
VisualStudioVersion = 17.14.37411.7 d17.14
MinimumVisualStudioVersion = 10.0.40219.1
Project("{FAE04EC0-301F-11D3-BF4B-00C04F79EFBC}") = "Pinger", "Pinger\Pinger.csproj", "{1291471F-E38C-4AD2-BA8B-C8C89BF08E71}"
EndProject
Global
	GlobalSection(SolutionConfigurationPlatforms) = preSolution
		Debug|Any CPU = Debug|Any CPU
		Release|Any CPU = Release|Any CPU
	EndGlobalSection
	GlobalSection(ProjectConfigurationPlatforms) = postSolution
		{1291471F-E38C-4AD2-BA8B-C8C89BF08E71}.Debug|Any CPU.ActiveCfg = Debug|Any CPU
		{1291471F-E38C-4AD2-BA8B-C8C89BF08E71}.Debug|Any CPU.Build.0 = Debug|Any CPU
		{1291471F-E38C-4AD2-BA8B-C8C89BF08E71}.Release|Any CPU.ActiveCfg = Release|Any CPU
		{1291471F-E38C-4AD2-BA8B-C8C89BF08E71}.Release|Any CPU.Build.0 = Release|Any CPU
	EndGlobalSection
	GlobalSection(SolutionProperties) = preSolution
		HideSolutionNode = FALSE
	EndGlobalSection
	GlobalSection(ExtensibilityGlobals) = postSolution
		SolutionGuid = {EEC0FA11-534F-4A4F-BC2F-2B93F23A8621}
	EndGlobalSection
EndGlobal
